
Microsoft Visual Studio Solution File, Format Version 12.00
# Visual Studio Version 16
VisualStudioVersion = 16.0.30907.101
MinimumVisualStudioVersion = 10.0.40219.1
Project("{FAE04EC0-301F-11D3-BF4B-00C04F79EFBC}") = "TelegramWPFbot", "TelegramWPFbot\TelegramWPFbot.csproj", "{09BC71DD-DBF3-4B2A-BA5D-0317F8420CCA}"
EndProject
Global
	GlobalSection(SolutionConfigurationPlatforms) = preSolution
		Debug|Any CPU = Debug|Any CPU
		Release|Any CPU = Release|Any CPU
	EndGlobalSection
	GlobalSection(ProjectConfigurationPlatforms) = postSolution
		{09BC71DD-DBF3-4B2A-BA5D-0317F8420CCA}.Debug|Any CPU.ActiveCfg = Debug|Any CPU
		{09BC71DD-DBF3-4B2A-BA5D-0317F8420CCA}.Debug|Any CPU.Build.0 = Debug|Any CPU
		{09BC71DD-DBF3-4B2A-BA5D-0317F8420CCA}.Release|Any CPU.ActiveCfg = Release|Any CPU
		{09BC71DD-DBF3-4B2A-BA5D-0317F8420CCA}.Release|Any CPU.Build.0 = Release|Any CPU
	EndGlobalSection
	GlobalSection(SolutionProperties) = preSolution
		HideSolutionNode = FALSE
	EndGlobalSection
	GlobalSection(ExtensibilityGlobals) = postSolution
		SolutionGuid = {1D77EF3F-1E27-444A-A5B7-43DFE55C0E5D}
	EndGlobalSection
EndGlobal
